{
  "_meta": {
    "hash": {
      "sha256": "8d311a3bb742d894d4b44a3de645bf3d04b2d352006aed84e749d7157fda2200"
    },
    "pipfile-spec": 6,
    "requires": {
      "python_version": "3.13"
    },
    "sources": [
      {
        "name": "pypi",
        "url": "https://pypi.org/simple",
        "verify_ssl": true
      }
    ]
  },
  "default": {
    "asgiref": {
      "hashes": [
        "sha256:3e1e3ecc849832fe52ccf2cb6686b7a55f82bb1d6aee72a58826471390335e47",
        "sha256:c343bd80a0bec947a9860adb4c432ffa7db769836c64238fc34bdc3fec84d590"
      ],
      "markers": "python_version >= '3.8'",
      "version": "==3.8.1"
    },
    "crispy-bootstrap5": {
      "hashes": [
        "sha256:55b442fe675dd95ad280123c7fe464f454186e90b8e5642e751f436c87627c44",
        "sha256:59e91dac5e45a8c954af3fbcaa6804cd5aef4402f027af2f99a352b096c4016f"
      ],
      "index": "pypi",
      "markers": "python_version >= '3.8'",
      "version": "==2024.10"
    },
    "django": {
      "hashes": [
        "sha256:1e39eafdd1b185e761d9fab7a9f0b9fa00af1b37b25ad980a8aa0dac13535690",
        "sha256:8d203400bc2952fbfb287c2bbda630297d654920c72a73cc82a9ad7926feaad5"
      ],
      "index": "pypi",
      "markers": "python_version >= '3.10'",
      "version": "==5.1.6"
    },
    "django-crispy-forms": {
      "hashes": [
        "sha256:2db17ae08527201be1273f0df789e5f92819e23dd28fec69cffba7f3762e1a38",
        "sha256:efc4c31e5202bbec6af70d383a35e12fc80ea769d464fb0e7fe21768bb138a20"
      ],
      "index": "pypi",
      "markers": "python_version >= '3.8'",
      "version": "==2.3"
    },
    "django-debug-toolbar": {
      "hashes": [
        "sha256:296f6f18a80710e84fbb8361538ae5ec522a75ebe9ab67db34bcf1026cbeb420",
        "sha256:7456cc2e951db37dab335686db7803c4a0ecb6736d120705f6668db9548bf49f"
      ],
      "index": "pypi",
      "markers": "python_version >= '3.9'",
      "version": "==5.0.1"
    },
    "pillow": {
      "hashes": [
        "sha256:015c6e863faa4779251436db398ae75051469f7c903b043a48f078e437656f83",
        "sha256:0a2f91f8a8b367e7a57c6e91cd25af510168091fb89ec5146003e424e1558a96",
        "sha256:11633d58b6ee5733bde153a8dafd25e505ea3d32e261accd388827ee987baf65",
        "sha256:2062ffb1d36544d42fcaa277b069c88b01bb7298f4efa06731a7fd6cc290b81a",
        "sha256:31eba6bbdd27dde97b0174ddf0297d7a9c3a507a8a1480e1e60ef914fe23d352",
        "sha256:3362c6ca227e65c54bf71a5f88b3d4565ff1bcbc63ae72c34b07bbb1cc59a43f",
        "sha256:368da70808b36d73b4b390a8ffac11069f8a5c85f29eff1f1b01bcf3ef5b2a20",
        "sha256:36ba10b9cb413e7c7dfa3e189aba252deee0602c86c309799da5a74009ac7a1c",
        "sha256:3764d53e09cdedd91bee65c2527815d315c6b90d7b8b79759cc48d7bf5d4f114",
        "sha256:3a5fe20a7b66e8135d7fd617b13272626a28278d0e578c98720d9ba4b2439d49",
        "sha256:3cdcdb0b896e981678eee140d882b70092dac83ac1cdf6b3a60e2216a73f2b91",
        "sha256:4637b88343166249fe8aa94e7c4a62a180c4b3898283bb5d3d2fd5fe10d8e4e0",
        "sha256:4db853948ce4e718f2fc775b75c37ba2efb6aaea41a1a5fc57f0af59eee774b2",
        "sha256:4dd43a78897793f60766563969442020e90eb7847463eca901e41ba186a7d4a5",
        "sha256:54251ef02a2309b5eec99d151ebf5c9904b77976c8abdcbce7891ed22df53884",
        "sha256:54ce1c9a16a9561b6d6d8cb30089ab1e5eb66918cb47d457bd996ef34182922e",
        "sha256:593c5fd6be85da83656b93ffcccc2312d2d149d251e98588b14fbc288fd8909c",
        "sha256:5bb94705aea800051a743aa4874bb1397d4695fb0583ba5e425ee0328757f196",
        "sha256:67cd427c68926108778a9005f2a04adbd5e67c442ed21d95389fe1d595458756",
        "sha256:70ca5ef3b3b1c4a0812b5c63c57c23b63e53bc38e758b37a951e5bc466449861",
        "sha256:73ddde795ee9b06257dac5ad42fcb07f3b9b813f8c1f7f870f402f4dc54b5269",
        "sha256:758e9d4ef15d3560214cddbc97b8ef3ef86ce04d62ddac17ad39ba87e89bd3b1",
        "sha256:7d33d2fae0e8b170b6a6c57400e077412240f6f5bb2a342cf1ee512a787942bb",
        "sha256:7fdadc077553621911f27ce206ffcbec7d3f8d7b50e0da39f10997e8e2bb7f6a",
        "sha256:8000376f139d4d38d6851eb149b321a52bb8893a88dae8ee7d95840431977081",
        "sha256:837060a8599b8f5d402e97197d4924f05a2e0d68756998345c829c33186217b1",
        "sha256:89dbdb3e6e9594d512780a5a1c42801879628b38e3efc7038094430844e271d8",
        "sha256:8c730dc3a83e5ac137fbc92dfcfe1511ce3b2b5d7578315b63dbbb76f7f51d90",
        "sha256:8e275ee4cb11c262bd108ab2081f750db2a1c0b8c12c1897f27b160c8bd57bbc",
        "sha256:9044b5e4f7083f209c4e35aa5dd54b1dd5b112b108648f5c902ad586d4f945c5",
        "sha256:93a18841d09bcdd774dcdc308e4537e1f867b3dec059c131fde0327899734aa1",
        "sha256:9409c080586d1f683df3f184f20e36fb647f2e0bc3988094d4fd8c9f4eb1b3b3",
        "sha256:96f82000e12f23e4f29346e42702b6ed9a2f2fea34a740dd5ffffcc8c539eb35",
        "sha256:9aa9aeddeed452b2f616ff5507459e7bab436916ccb10961c4a382cd3e03f47f",
        "sha256:9ee85f0696a17dd28fbcfceb59f9510aa71934b483d1f5601d1030c3c8304f3c",
        "sha256:a07dba04c5e22824816b2615ad7a7484432d7f540e6fa86af60d2de57b0fcee2",
        "sha256:a3cd561ded2cf2bbae44d4605837221b987c216cff94f49dfeed63488bb228d2",
        "sha256:a697cd8ba0383bba3d2d3ada02b34ed268cb548b369943cd349007730c92bddf",
        "sha256:a76da0a31da6fcae4210aa94fd779c65c75786bc9af06289cd1c184451ef7a65",
        "sha256:a85b653980faad27e88b141348707ceeef8a1186f75ecc600c395dcac19f385b",
        "sha256:a8d65b38173085f24bc07f8b6c505cbb7418009fa1a1fcb111b1f4961814a442",
        "sha256:aa8dd43daa836b9a8128dbe7d923423e5ad86f50a7a14dc688194b7be5c0dea2",
        "sha256:ab8a209b8485d3db694fa97a896d96dd6533d63c22829043fd9de627060beade",
        "sha256:abc56501c3fd148d60659aae0af6ddc149660469082859fa7b066a298bde9482",
        "sha256:ad5db5781c774ab9a9b2c4302bbf0c1014960a0a7be63278d13ae6fdf88126fe",
        "sha256:ae98e14432d458fc3de11a77ccb3ae65ddce70f730e7c76140653048c71bfcbc",
        "sha256:b20be51b37a75cc54c2c55def3fa2c65bb94ba859dde241cd0a4fd302de5ae0a",
        "sha256:b523466b1a31d0dcef7c5be1f20b942919b62fd6e9a9be199d035509cbefc0ec",
        "sha256:b5d658fbd9f0d6eea113aea286b21d3cd4d3fd978157cbf2447a6035916506d3",
        "sha256:b6123aa4a59d75f06e9dd3dac5bf8bc9aa383121bb3dd9a7a612e05eabc9961a",
        "sha256:bd165131fd51697e22421d0e467997ad31621b74bfc0b75956608cb2906dda07",
        "sha256:bf902d7413c82a1bfa08b06a070876132a5ae6b2388e2712aab3a7cbc02205c6",
        "sha256:c12fc111ef090845de2bb15009372175d76ac99969bdf31e2ce9b42e4b8cd88f",
        "sha256:c1eec9d950b6fe688edee07138993e54ee4ae634c51443cfb7c1e7613322718e",
        "sha256:c640e5a06869c75994624551f45e5506e4256562ead981cce820d5ab39ae2192",
        "sha256:cc1331b6d5a6e144aeb5e626f4375f5b7ae9934ba620c0ac6b3e43d5e683a0f0",
        "sha256:cfd5cd998c2e36a862d0e27b2df63237e67273f2fc78f47445b14e73a810e7e6",
        "sha256:d3d8da4a631471dfaf94c10c85f5277b1f8e42ac42bade1ac67da4b4a7359b73",
        "sha256:d44ff19eea13ae4acdaaab0179fa68c0c6f2f45d66a4d8ec1eda7d6cecbcc15f",
        "sha256:dd0052e9db3474df30433f83a71b9b23bd9e4ef1de13d92df21a52c0303b8ab6",
        "sha256:dd0e081319328928531df7a0e63621caf67652c8464303fd102141b785ef9547",
        "sha256:dda60aa465b861324e65a78c9f5cf0f4bc713e4309f83bc387be158b077963d9",
        "sha256:e06695e0326d05b06833b40b7ef477e475d0b1ba3a6d27da1bb48c23209bf457",
        "sha256:e1abe69aca89514737465752b4bcaf8016de61b3be1397a8fc260ba33321b3a8",
        "sha256:e267b0ed063341f3e60acd25c05200df4193e15a4a5807075cd71225a2386e26",
        "sha256:e5449ca63da169a2e6068dd0e2fcc8d91f9558aba89ff6d02121ca8ab11e79e5",
        "sha256:e63e4e5081de46517099dc30abe418122f54531a6ae2ebc8680bcd7096860eab",
        "sha256:f189805c8be5ca5add39e6f899e6ce2ed824e65fb45f3c28cb2841911da19070",
        "sha256:f7955ecf5609dee9442cbface754f2c6e541d9e6eda87fad7f7a989b0bdb9d71",
        "sha256:f86d3a7a9af5d826744fabf4afd15b9dfef44fe69a98541f666f66fbb8d3fef9",
        "sha256:fbd43429d0d7ed6533b25fc993861b8fd512c42d04514a0dd6337fb3ccf22761"
      ],
      "index": "pypi",
      "markers": "python_version >= '3.9'",
      "version": "==11.1.0"
    },
    "sqlparse": {
      "hashes": [
        "sha256:09f67787f56a0b16ecdbde1bfc7f5d9c3371ca683cfeaa8e6ff60b4807ec9272",
        "sha256:cf2196ed3418f3ba5de6af7e82c694a9fbdbfecccdfc72e281548517081f16ca"
      ],
      "markers": "python_version >= '3.8'",
      "version": "==0.5.3"
    },
    "tzdata": {
      "hashes": [
        "sha256:24894909e88cdb28bd1636c6887801df64cb485bd593f2fd83ef29075a81d694",
        "sha256:7e127113816800496f027041c570f50bcd464a020098a3b6b199517772303639"
      ],
      "markers": "python_version >= '2'",
      "version": "==2025.1"
    }
  },
  "develop": {
    "black": {
      "hashes": [
        "sha256:030b9759066a4ee5e5aca28c3c77f9c64789cdd4de8ac1df642c40b708be6171",
        "sha256:055e59b198df7ac0b7efca5ad7ff2516bca343276c466be72eb04a3bcc1f82d7",
        "sha256:0e519ecf93120f34243e6b0054db49c00a35f84f195d5bce7e9f5cfc578fc2da",
        "sha256:172b1dbff09f86ce6f4eb8edf9dede08b1fce58ba194c87d7a4f1a5aa2f5b3c2",
        "sha256:1e2978f6df243b155ef5fa7e558a43037c3079093ed5d10fd84c43900f2d8ecc",
        "sha256:33496d5cd1222ad73391352b4ae8da15253c5de89b93a80b3e2c8d9a19ec2666",
        "sha256:3b48735872ec535027d979e8dcb20bf4f70b5ac75a8ea99f127c106a7d7aba9f",
        "sha256:4b60580e829091e6f9238c848ea6750efed72140b91b048770b64e74fe04908b",
        "sha256:759e7ec1e050a15f89b770cefbf91ebee8917aac5c20483bc2d80a6c3a04df32",
        "sha256:8f0b18a02996a836cc9c9c78e5babec10930862827b1b724ddfe98ccf2f2fe4f",
        "sha256:95e8176dae143ba9097f351d174fdaf0ccd29efb414b362ae3fd72bf0f710717",
        "sha256:96c1c7cd856bba8e20094e36e0f948718dc688dba4a9d78c3adde52b9e6c2299",
        "sha256:a1ee0a0c330f7b5130ce0caed9936a904793576ef4d2b98c40835d6a65afa6a0",
        "sha256:a22f402b410566e2d1c950708c77ebf5ebd5d0d88a6a2e87c86d9fb48afa0d18",
        "sha256:a39337598244de4bae26475f77dda852ea00a93bd4c728e09eacd827ec929df0",
        "sha256:afebb7098bfbc70037a053b91ae8437c3857482d3a690fefc03e9ff7aa9a5fd3",
        "sha256:bacabb307dca5ebaf9c118d2d2f6903da0d62c9faa82bd21a33eecc319559355",
        "sha256:bce2e264d59c91e52d8000d507eb20a9aca4a778731a08cfff7e5ac4a4bb7096",
        "sha256:d9e6827d563a2c820772b32ce8a42828dc6790f095f441beef18f96aa6f8294e",
        "sha256:db8ea9917d6f8fc62abd90d944920d95e73c83a5ee3383493e35d271aca872e9",
        "sha256:ea0213189960bda9cf99be5b8c8ce66bb054af5e9e861249cd23471bd7b0b3ba",
        "sha256:f3df5f1bf91d36002b0a75389ca8663510cf0531cca8aa5c1ef695b46d98655f"
      ],
      "index": "pypi",
      "markers": "python_version >= '3.9'",
      "version": "==25.1.0"
    },
    "click": {
      "hashes": [
        "sha256:63c132bbbed01578a06712a2d1f497bb62d9c1c0d329b7903a866228027263b2",
        "sha256:ed53c9d8990d83c2a27deae68e4ee337473f6330c040a31d4225c9574d16096a"
      ],
      "markers": "python_version >= '3.7'",
      "version": "==8.1.8"
    },
    "colorama": {
      "hashes": [
        "sha256:08695f5cb7ed6e0531a20572697297273c47b8cae5a63ffc6d6ed5c201be6e44",
        "sha256:4f1d9991f5acc0ca119f9d443620b77f9d6b33703e51011c16baf57afb285fc6"
      ],
      "markers": "python_version >= '2.7' and python_version not in '3.0, 3.1, 3.2, 3.3, 3.4, 3.5, 3.6'",
      "version": "==0.4.6"
    },
    "cssbeautifier": {
      "hashes": [
        "sha256:0dcaf5ce197743a79b3a160b84ea58fcbd9e3e767c96df1171e428125b16d410",
        "sha256:406b04d09e7d62c0be084fbfa2cba5126fe37359ea0d8d9f7b963a6354fc8303"
      ],
      "version": "==1.15.3"
    },
    "djlint": {
      "hashes": [
        "sha256:16ce37e085afe5a30953b2bd87cbe34c37843d94c701fc68a2dda06c1e428ff4",
        "sha256:17254f218b46fe5a714b224c85074c099bcb74e3b2e1f15c2ddc2cf415a408a1",
        "sha256:3164a048c7bb0baf042387b1e33f9bbbf99d90d1337bb4c3d66eb0f96f5400a1",
        "sha256:3196d5277da5934962d67ad6c33a948ba77a7b6eadf064648bef6ee5f216b03c",
        "sha256:3d68da0ed10ee9ca1e32e225cbb8e9b98bf7e6f8b48a8e4836117b6605b88cc7",
        "sha256:4bc6a1320c0030244b530ac200642f883d3daa451a115920ef3d56d08b644292",
        "sha256:53cbc450aa425c832f09bc453b8a94a039d147b096740df54a3547fada77ed08",
        "sha256:5b01a98df3e1ab89a552793590875bc6e954cad661a9304057db75363d519fa0",
        "sha256:6c601dfa68ea253311deb4a29a7362b7a64933bdfcfb5a06618f3e70ad1fa835",
        "sha256:79489e262b5ac23a8dfb7ca37f1eea979674cfc2d2644f7061d95bea12c38f7e",
        "sha256:7a483390d17e44df5bc23dcea29bdf6b63f3ed8b4731d844773a4829af4f5e0b",
        "sha256:89678661888c03d7bc6cadd75af69db29962b5ecbf93a81518262f5c48329f04",
        "sha256:962f7b83aee166e499eff916d631c6dde7f1447d7610785a60ed2a75a5763483",
        "sha256:a2dfb60883ceb92465201bfd392291a7597c6752baede6fbb6f1980cac8d6c5c",
        "sha256:bb6903777bf3124f5efedcddf1f4716aef097a7ec4223fc0fa54b865829a6e08",
        "sha256:bda5014f295002363381969864addeb2db13955f1b26e772657c3b273ed7809f",
        "sha256:c0478d5392247f1e6ee29220bbdbf7fb4e1bc0e7e83d291fda6fb926c1787ba7",
        "sha256:dabbb4f7b93223d471d09ae34ed515fef98b2233cbca2449ad117416c44b1351",
        "sha256:e58c5fa8c6477144a0be0a87273706a059e6dd0d6efae01146ae8c29cdfca675",
        "sha256:e9699b8ac3057a6ed04fb90835b89bee954ed1959c01541ce4f8f729c938afdd",
        "sha256:ead475013bcac46095b1bbc8cf97ed2f06e83422335734363f8a76b4ba7e47c2",
        "sha256:ff9faffd7d43ac20467493fa71d5355b5b330a00ade1c4d1e859022f4195223b"
      ],
      "index": "pypi",
      "markers": "python_version >= '3.9'",
      "version": "==1.36.4"
    },
    "editorconfig": {
      "hashes": [
        "sha256:8739052279699840065d3a9f5c125d7d5a98daeefe53b0e5274261d77cb49aa2",
        "sha256:fe491719c5f65959ec00b167d07740e7ffec9a3f362038c72b289330b9991dfc"
      ],
      "version": "==0.17.0"
    },
    "jsbeautifier": {
      "hashes": [
        "sha256:5f1baf3d4ca6a615bb5417ee861b34b77609eeb12875555f8bbfabd9bf2f3457",
        "sha256:b207a15ab7529eee4a35ae7790e9ec4e32a2b5026d51e2d0386c3a65e6ecfc91"
      ],
      "version": "==1.15.3"
    },
    "json5": {
      "hashes": [
        "sha256:19b23410220a7271e8377f81ba8aacba2fdd56947fbb137ee5977cbe1f5e8dfa",
        "sha256:e66941c8f0a02026943c52c2eb34ebeb2a6f819a0be05920a6f5243cd30fd559"
      ],
      "markers": "python_full_version >= '3.8.0'",
      "version": "==0.10.0"
    },
    "mypy-extensions": {
      "hashes": [
        "sha256:4392f6c0eb8a5668a69e23d168ffa70f0be9ccfd32b5cc2d26a34ae5b844552d",
        "sha256:75dbf8955dc00442a438fc4d0666508a9a97b6bd41aa2f0ffe9d2f2725af0782"
      ],
      "markers": "python_version >= '3.5'",
      "version": "==1.0.0"
    },
    "packaging": {
      "hashes": [
        "sha256:09abb1bccd265c01f4a3aa3f7a7db064b36514d2cba19a2f694fe6150451a759",
        "sha256:c228a6dc5e932d346bc5739379109d49e8853dd8223571c7c5b55260edc0b97f"
      ],
      "markers": "python_version >= '3.8'",
      "version": "==24.2"
    },
    "pathspec": {
      "hashes": [
        "sha256:a0d503e138a4c123b27490a4f7beda6a01c6f288df0e4a8b79c7eb0dc7b4cc08",
        "sha256:a482d51503a1ab33b1c67a6c3813a26953dbdc71c31dacaef9a838c4e29f5712"
      ],
      "markers": "python_version >= '3.8'",
      "version": "==0.12.1"
    },
    "platformdirs": {
      "hashes": [
        "sha256:357fb2acbc885b0419afd3ce3ed34564c13c9b95c89360cd9563f73aa5e2b907",
        "sha256:73e575e1408ab8103900836b97580d5307456908a03e92031bab39e4554cc3fb"
      ],
      "markers": "python_version >= '3.8'",
      "version": "==4.3.6"
    },
    "pyyaml": {
      "hashes": [
        "sha256:01179a4a8559ab5de078078f37e5c1a30d76bb88519906844fd7bdea1b7729ff",
        "sha256:0833f8694549e586547b576dcfaba4a6b55b9e96098b36cdc7ebefe667dfed48",
        "sha256:0a9a2848a5b7feac301353437eb7d5957887edbf81d56e903999a75a3d743086",
        "sha256:0b69e4ce7a131fe56b7e4d770c67429700908fc0752af059838b1cfb41960e4e",
        "sha256:0ffe8360bab4910ef1b9e87fb812d8bc0a308b0d0eef8c8f44e0254ab3b07133",
        "sha256:11d8f3dd2b9c1207dcaf2ee0bbbfd5991f571186ec9cc78427ba5bd32afae4b5",
        "sha256:17e311b6c678207928d649faa7cb0d7b4c26a0ba73d41e99c4fff6b6c3276484",
        "sha256:1e2120ef853f59c7419231f3bf4e7021f1b936f6ebd222406c3b60212205d2ee",
        "sha256:1f71ea527786de97d1a0cc0eacd1defc0985dcf6b3f17bb77dcfc8c34bec4dc5",
        "sha256:23502f431948090f597378482b4812b0caae32c22213aecf3b55325e049a6c68",
        "sha256:24471b829b3bf607e04e88d79542a9d48bb037c2267d7927a874e6c205ca7e9a",
        "sha256:29717114e51c84ddfba879543fb232a6ed60086602313ca38cce623c1d62cfbf",
        "sha256:2e99c6826ffa974fe6e27cdb5ed0021786b03fc98e5ee3c5bfe1fd5015f42b99",
        "sha256:39693e1f8320ae4f43943590b49779ffb98acb81f788220ea932a6b6c51004d8",
        "sha256:3ad2a3decf9aaba3d29c8f537ac4b243e36bef957511b4766cb0057d32b0be85",
        "sha256:3b1fdb9dc17f5a7677423d508ab4f243a726dea51fa5e70992e59a7411c89d19",
        "sha256:41e4e3953a79407c794916fa277a82531dd93aad34e29c2a514c2c0c5fe971cc",
        "sha256:43fa96a3ca0d6b1812e01ced1044a003533c47f6ee8aca31724f78e93ccc089a",
        "sha256:50187695423ffe49e2deacb8cd10510bc361faac997de9efef88badc3bb9e2d1",
        "sha256:5ac9328ec4831237bec75defaf839f7d4564be1e6b25ac710bd1a96321cc8317",
        "sha256:5d225db5a45f21e78dd9358e58a98702a0302f2659a3c6cd320564b75b86f47c",
        "sha256:6395c297d42274772abc367baaa79683958044e5d3835486c16da75d2a694631",
        "sha256:688ba32a1cffef67fd2e9398a2efebaea461578b0923624778664cc1c914db5d",
        "sha256:68ccc6023a3400877818152ad9a1033e3db8625d899c72eacb5a668902e4d652",
        "sha256:70b189594dbe54f75ab3a1acec5f1e3faa7e8cf2f1e08d9b561cb41b845f69d5",
        "sha256:797b4f722ffa07cc8d62053e4cff1486fa6dc094105d13fea7b1de7d8bf71c9e",
        "sha256:7c36280e6fb8385e520936c3cb3b8042851904eba0e58d277dca80a5cfed590b",
        "sha256:7e7401d0de89a9a855c839bc697c079a4af81cf878373abd7dc625847d25cbd8",
        "sha256:80bab7bfc629882493af4aa31a4cfa43a4c57c83813253626916b8c7ada83476",
        "sha256:82d09873e40955485746739bcb8b4586983670466c23382c19cffecbf1fd8706",
        "sha256:8388ee1976c416731879ac16da0aff3f63b286ffdd57cdeb95f3f2e085687563",
        "sha256:8824b5a04a04a047e72eea5cec3bc266db09e35de6bdfe34c9436ac5ee27d237",
        "sha256:8b9c7197f7cb2738065c481a0461e50ad02f18c78cd75775628afb4d7137fb3b",
        "sha256:9056c1ecd25795207ad294bcf39f2db3d845767be0ea6e6a34d856f006006083",
        "sha256:936d68689298c36b53b29f23c6dbb74de12b4ac12ca6cfe0e047bedceea56180",
        "sha256:9b22676e8097e9e22e36d6b7bda33190d0d400f345f23d4065d48f4ca7ae0425",
        "sha256:a4d3091415f010369ae4ed1fc6b79def9416358877534caf6a0fdd2146c87a3e",
        "sha256:a8786accb172bd8afb8be14490a16625cbc387036876ab6ba70912730faf8e1f",
        "sha256:a9f8c2e67970f13b16084e04f134610fd1d374bf477b17ec1599185cf611d725",
        "sha256:bc2fa7c6b47d6bc618dd7fb02ef6fdedb1090ec036abab80d4681424b84c1183",
        "sha256:c70c95198c015b85feafc136515252a261a84561b7b1d51e3384e0655ddf25ab",
        "sha256:cc1c1159b3d456576af7a3e4d1ba7e6924cb39de8f67111c735f6fc832082774",
        "sha256:ce826d6ef20b1bc864f0a68340c8b3287705cae2f8b4b1d932177dcc76721725",
        "sha256:d584d9ec91ad65861cc08d42e834324ef890a082e591037abe114850ff7bbc3e",
        "sha256:d7fded462629cfa4b685c5416b949ebad6cec74af5e2d42905d41e257e0869f5",
        "sha256:d84a1718ee396f54f3a086ea0a66d8e552b2ab2017ef8b420e92edbc841c352d",
        "sha256:d8e03406cac8513435335dbab54c0d385e4a49e4945d2909a581c83647ca0290",
        "sha256:e10ce637b18caea04431ce14fabcf5c64a1c61ec9c56b071a4b7ca131ca52d44",
        "sha256:ec031d5d2feb36d1d1a24380e4db6d43695f3748343d99434e6f5f9156aaa2ed",
        "sha256:ef6107725bd54b262d6dedcc2af448a266975032bc85ef0172c5f059da6325b4",
        "sha256:efdca5630322a10774e8e98e1af481aad470dd62c3170801852d752aa7a783ba",
        "sha256:f753120cb8181e736c57ef7636e83f31b9c0d1722c516f7e86cf15b7aa57ff12",
        "sha256:ff3824dc5261f50c9b0dfb3be22b4567a6f938ccce4587b38952d85fd9e9afe4"
      ],
      "markers": "python_version >= '3.8'",
      "version": "==6.0.2"
    },
    "regex": {
      "hashes": [
        "sha256:02a02d2bb04fec86ad61f3ea7f49c015a0681bf76abb9857f945d26159d2968c",
        "sha256:02e28184be537f0e75c1f9b2f8847dc51e08e6e171c6bde130b2687e0c33cf60",
        "sha256:040df6fe1a5504eb0f04f048e6d09cd7c7110fef851d7c567a6b6e09942feb7d",
        "sha256:068376da5a7e4da51968ce4c122a7cd31afaaec4fccc7856c92f63876e57b51d",
        "sha256:06eb1be98df10e81ebaded73fcd51989dcf534e3c753466e4b60c4697a003b67",
        "sha256:072623554418a9911446278f16ecb398fb3b540147a7828c06e2011fa531e773",
        "sha256:086a27a0b4ca227941700e0b31425e7a28ef1ae8e5e05a33826e17e47fbfdba0",
        "sha256:08986dce1339bc932923e7d1232ce9881499a0e02925f7402fb7c982515419ef",
        "sha256:0a86e7eeca091c09e021db8eb72d54751e527fa47b8d5787caf96d9831bd02ad",
        "sha256:0c32f75920cf99fe6b6c539c399a4a128452eaf1af27f39bce8909c9a3fd8cbe",
        "sha256:0d7f453dca13f40a02b79636a339c5b62b670141e63efd511d3f8f73fba162b3",
        "sha256:1062b39a0a2b75a9c694f7a08e7183a80c63c0d62b301418ffd9c35f55aaa114",
        "sha256:13291b39131e2d002a7940fb176e120bec5145f3aeb7621be6534e46251912c4",
        "sha256:149f5008d286636e48cd0b1dd65018548944e495b0265b45e1bffecce1ef7f39",
        "sha256:164d8b7b3b4bcb2068b97428060b2a53be050085ef94eca7f240e7947f1b080e",
        "sha256:167ed4852351d8a750da48712c3930b031f6efdaa0f22fa1933716bfcd6bf4a3",
        "sha256:1c4de13f06a0d54fa0d5ab1b7138bfa0d883220965a29616e3ea61b35d5f5fc7",
        "sha256:202eb32e89f60fc147a41e55cb086db2a3f8cb82f9a9a88440dcfc5d37faae8d",
        "sha256:220902c3c5cc6af55d4fe19ead504de80eb91f786dc102fbd74894b1551f095e",
        "sha256:2b3361af3198667e99927da8b84c1b010752fa4b1115ee30beaa332cabc3ef1a",
        "sha256:2c89a8cc122b25ce6945f0423dc1352cb9593c68abd19223eebbd4e56612c5b7",
        "sha256:2d548dafee61f06ebdb584080621f3e0c23fff312f0de1afc776e2a2ba99a74f",
        "sha256:2e34b51b650b23ed3354b5a07aab37034d9f923db2a40519139af34f485f77d0",
        "sha256:32f9a4c643baad4efa81d549c2aadefaeba12249b2adc5af541759237eee1c54",
        "sha256:3a51ccc315653ba012774efca4f23d1d2a8a8f278a6072e29c7147eee7da446b",
        "sha256:3cde6e9f2580eb1665965ce9bf17ff4952f34f5b126beb509fee8f4e994f143c",
        "sha256:40291b1b89ca6ad8d3f2b82782cc33807f1406cf68c8d440861da6304d8ffbbd",
        "sha256:41758407fc32d5c3c5de163888068cfee69cb4c2be844e7ac517a52770f9af57",
        "sha256:4181b814e56078e9b00427ca358ec44333765f5ca1b45597ec7446d3a1ef6e34",
        "sha256:4f51f88c126370dcec4908576c5a627220da6c09d0bff31cfa89f2523843316d",
        "sha256:50153825ee016b91549962f970d6a4442fa106832e14c918acd1c8e479916c4f",
        "sha256:5056b185ca113c88e18223183aa1a50e66507769c9640a6ff75859619d73957b",
        "sha256:5071b2093e793357c9d8b2929dfc13ac5f0a6c650559503bb81189d0a3814519",
        "sha256:525eab0b789891ac3be914d36893bdf972d483fe66551f79d3e27146191a37d4",
        "sha256:52fb28f528778f184f870b7cf8f225f5eef0a8f6e3778529bdd40c7b3920796a",
        "sha256:5478c6962ad548b54a591778e93cd7c456a7a29f8eca9c49e4f9a806dcc5d638",
        "sha256:5670bce7b200273eee1840ef307bfa07cda90b38ae56e9a6ebcc9f50da9c469b",
        "sha256:5704e174f8ccab2026bd2f1ab6c510345ae8eac818b613d7d73e785f1310f839",
        "sha256:59dfe1ed21aea057a65c6b586afd2a945de04fc7db3de0a6e3ed5397ad491b07",
        "sha256:5e7e351589da0850c125f1600a4c4ba3c722efefe16b297de54300f08d734fbf",
        "sha256:63b13cfd72e9601125027202cad74995ab26921d8cd935c25f09c630436348ff",
        "sha256:658f90550f38270639e83ce492f27d2c8d2cd63805c65a13a14d36ca126753f0",
        "sha256:684d7a212682996d21ca12ef3c17353c021fe9de6049e19ac8481ec35574a70f",
        "sha256:69ab78f848845569401469da20df3e081e6b5a11cb086de3eed1d48f5ed57c95",
        "sha256:6f44ec28b1f858c98d3036ad5d7d0bfc568bdd7a74f9c24e25f41ef1ebfd81a4",
        "sha256:70b7fa6606c2881c1db9479b0eaa11ed5dfa11c8d60a474ff0e095099f39d98e",
        "sha256:764e71f22ab3b305e7f4c21f1a97e1526a25ebdd22513e251cf376760213da13",
        "sha256:7ab159b063c52a0333c884e4679f8d7a85112ee3078fe3d9004b2dd875585519",
        "sha256:805e6b60c54bf766b251e94526ebad60b7de0c70f70a4e6210ee2891acb70bf2",
        "sha256:8447d2d39b5abe381419319f942de20b7ecd60ce86f16a23b0698f22e1b70008",
        "sha256:86fddba590aad9208e2fa8b43b4c098bb0ec74f15718bb6a704e3c63e2cef3e9",
        "sha256:89d75e7293d2b3e674db7d4d9b1bee7f8f3d1609428e293771d1a962617150cc",
        "sha256:93c0b12d3d3bc25af4ebbf38f9ee780a487e8bf6954c115b9f015822d3bb8e48",
        "sha256:94d87b689cdd831934fa3ce16cc15cd65748e6d689f5d2b8f4f4df2065c9fa20",
        "sha256:9714398225f299aa85267fd222f7142fcb5c769e73d7733344efc46f2ef5cf89",
        "sha256:982e6d21414e78e1f51cf595d7f321dcd14de1f2881c5dc6a6e23bbbbd68435e",
        "sha256:997d6a487ff00807ba810e0f8332c18b4eb8d29463cfb7c820dc4b6e7562d0cf",
        "sha256:a03e02f48cd1abbd9f3b7e3586d97c8f7a9721c436f51a5245b3b9483044480b",
        "sha256:a36fdf2af13c2b14738f6e973aba563623cb77d753bbbd8d414d18bfaa3105dd",
        "sha256:a6ba92c0bcdf96cbf43a12c717eae4bc98325ca3730f6b130ffa2e3c3c723d84",
        "sha256:a7c2155f790e2fb448faed6dd241386719802296ec588a8b9051c1f5c481bc29",
        "sha256:a93c194e2df18f7d264092dc8539b8ffb86b45b899ab976aa15d48214138e81b",
        "sha256:abfa5080c374a76a251ba60683242bc17eeb2c9818d0d30117b4486be10c59d3",
        "sha256:ac10f2c4184420d881a3475fb2c6f4d95d53a8d50209a2500723d831036f7c45",
        "sha256:ad182d02e40de7459b73155deb8996bbd8e96852267879396fb274e8700190e3",
        "sha256:b2837718570f95dd41675328e111345f9b7095d821bac435aac173ac80b19983",
        "sha256:b489578720afb782f6ccf2840920f3a32e31ba28a4b162e13900c3e6bd3f930e",
        "sha256:b583904576650166b3d920d2bcce13971f6f9e9a396c673187f49811b2769dc7",
        "sha256:b85c2530be953a890eaffde05485238f07029600e8f098cdf1848d414a8b45e4",
        "sha256:b97c1e0bd37c5cd7902e65f410779d39eeda155800b65fc4d04cc432efa9bc6e",
        "sha256:ba9b72e5643641b7d41fa1f6d5abda2c9a263ae835b917348fc3c928182ad467",
        "sha256:bb26437975da7dc36b7efad18aa9dd4ea569d2357ae6b783bf1118dabd9ea577",
        "sha256:bb8f74f2f10dbf13a0be8de623ba4f9491faf58c24064f32b65679b021ed0001",
        "sha256:bde01f35767c4a7899b7eb6e823b125a64de314a8ee9791367c9a34d56af18d0",
        "sha256:bec9931dfb61ddd8ef2ebc05646293812cb6b16b60cf7c9511a832b6f1854b55",
        "sha256:c36f9b6f5f8649bb251a5f3f66564438977b7ef8386a52460ae77e6070d309d9",
        "sha256:cdf58d0e516ee426a48f7b2c03a332a4114420716d55769ff7108c37a09951bf",
        "sha256:d1cee317bfc014c2419a76bcc87f071405e3966da434e03e13beb45f8aced1a6",
        "sha256:d22326fcdef5e08c154280b71163ced384b428343ae16a5ab2b3354aed12436e",
        "sha256:d3660c82f209655a06b587d55e723f0b813d3a7db2e32e5e7dc64ac2a9e86fde",
        "sha256:da8f5fc57d1933de22a9e23eec290a0d8a5927a5370d24bda9a6abe50683fe62",
        "sha256:df951c5f4a1b1910f1a99ff42c473ff60f8225baa1cdd3539fe2819d9543e9df",
        "sha256:e5364a4502efca094731680e80009632ad6624084aff9a23ce8c8c6820de3e51",
        "sha256:ea1bfda2f7162605f6e8178223576856b3d791109f15ea99a9f95c16a7636fb5",
        "sha256:f02f93b92358ee3f78660e43b4b0091229260c5d5c408d17d60bf26b6c900e86",
        "sha256:f056bf21105c2515c32372bbc057f43eb02aae2fda61052e2f7622c801f0b4e2",
        "sha256:f1ac758ef6aebfc8943560194e9fd0fa18bcb34d89fd8bd2af18183afd8da3a2",
        "sha256:f2a19f302cd1ce5dd01a9099aaa19cae6173306d1302a43b627f62e21cf18ac0",
        "sha256:f654882311409afb1d780b940234208a252322c24a93b442ca714d119e68086c",
        "sha256:f65557897fc977a44ab205ea871b690adaef6b9da6afda4790a2484b04293a5f",
        "sha256:f9d1e379028e0fc2ae3654bac3cbbef81bf3fd571272a42d56c24007979bafb6",
        "sha256:fdabbfc59f2c6edba2a6622c647b716e34e8e3867e0ab975412c5c2f79b82da2",
        "sha256:fdd6028445d2460f33136c55eeb1f601ab06d74cb3347132e1c24250187500d9",
        "sha256:ff590880083d60acc0433f9c3f713c51f7ac6ebb9adf889c79a261ecf541aa91"
      ],
      "markers": "python_version >= '3.8'",
      "version": "==2024.11.6"
    },
    "six": {
      "hashes": [
        "sha256:4721f391ed90541fddacab5acf947aa0d3dc7d27b2e1e8eda2be8970586c3274",
        "sha256:ff70335d468e7eb6ec65b95b99d3a2836546063f63acc5171de367e834932a81"
      ],
      "markers": "python_version >= '2.7' and python_version not in '3.0, 3.1, 3.2'",
      "version": "==1.17.0"
    },
    "tqdm": {
      "hashes": [
        "sha256:26445eca388f82e72884e0d580d5464cd801a3ea01e63e5601bdff9ba6a48de2",
        "sha256:f8aef9c52c08c13a65f30ea34f4e5aac3fd1a34959879d7e59e63027286627f2"
      ],
      "markers": "python_version >= '3.7'",
      "version": "==4.67.1"
    }
  }
}
